
Microsoft Visual Studio Solution File, Format Version 9.00
# Visual Studio 2005
Project("{FAE04EC0-301F-11D3-BF4B-00C04F79EFBC}") = "Loadbalancing", "Loadbalancing\Loadbalancing.csproj", "{A6759A1D-1935-4771-9BF2-A118A255810A}"
EndProject
Global
	GlobalSection(SolutionConfigurationPlatforms) = preSolution
		Debug|Any CPU = Debug|Any CPU
		Release|Any CPU = Release|Any CPU
	EndGlobalSection
	GlobalSection(ProjectConfigurationPlatforms) = postSolution
		{A6759A1D-1935-4771-9BF2-A118A255810A}.Debug|Any CPU.ActiveCfg = Debug|Any CPU
		{A6759A1D-1935-4771-9BF2-A118A255810A}.Debug|Any CPU.Build.0 = Debug|Any CPU
		{A6759A1D-1935-4771-9BF2-A118A255810A}.Release|Any CPU.ActiveCfg = Release|Any CPU
		{A6759A1D-1935-4771-9BF2-A118A255810A}.Release|Any CPU.Build.0 = Release|Any CPU
	EndGlobalSection
	GlobalSection(SolutionProperties) = preSolution
		HideSolutionNode = FALSE
	EndGlobalSection
EndGlobal
